PODS:
  - AEXML (2.0.1)
  - Alamofire (3.1.4)
  - OSMKit-Swift/API (0.1):
    - AEXML (~> 2.0)
    - Alamofire (~> 3.1)
    - OSMKit-Swift/Core
  - OSMKit-Swift/Core (0.1)

DEPENDENCIES:
  - OSMKit-Swift/API (from `../OSMKit-Swift.podspec`)

EXTERNAL SOURCES:
  OSMKit-Swift:
    :path: "../OSMKit-Swift.podspec"

SPEC CHECKSUMS:
  AEXML: d6bb5b994521fcf3667ee8ccc1ed533f31b19218
  Alamofire: fbc829692f351fa1d8a31dd75fd7f7f56fea31fb
  OSMKit-Swift: b81a0f932d165095770a33d25fb78ea5973c1ca9

COCOAPODS: 0.39.0
