// !$*UTF8*$!
{
	archiveVersion = 1;
	classes = {
	};
	objectVersion = 46;
	objects = {

/* Begin PBXBuildFile section */
		11DC9FE0F290E5A55867F3AA /* Pods_OSMKitTests.framework in Frameworks */ = {isa = PBXBuildFile; fileRef = AB7760B3E702FDA5AB0F7A4A /* Pods_OSMKitTests.framework */; };
		631B9BB71C695C8300971710 /* ModelTest.swift in Sources */ = {isa = PBXBuildFile; fileRef = 631B9BB01C695C8300971710 /* ModelTest.swift */; };
		631B9BB81C695C8300971710 /* OSMAPITest.swift in Sources */ = {isa = PBXBuildFile; fileRef = 631B9BB11C695C8300971710 /* OSMAPITest.swift */; };
		631B9BB91C695C8300971710 /* OSMParserTest.swift in Sources */ = {isa = PBXBuildFile; fileRef = 631B9BB21C695C8300971710 /* OSMParserTest.swift */; };
		631B9BBA1C695C8300971710 /* ParserDelegate.swift in Sources */ = {isa = PBXBuildFile; fileRef = 631B9BB31C695C8300971710 /* ParserDelegate.swift */; };
		631B9BBB1C695C8300971710 /* map.osm in Resources */ = {isa = PBXBuildFile; fileRef = 631B9BB51C695C8300971710 /* map.osm */; };
		631B9BBC1C695C8300971710 /* XMLTest.swift in Sources */ = {isa = PBXBuildFile; fileRef = 631B9BB61C695C8300971710 /* XMLTest.swift */; };
		63394A141C696092007479F0 /* NoteJSONTest.swift in Sources */ = {isa = PBXBuildFile; fileRef = 63394A131C696092007479F0 /* NoteJSONTest.swift */; };
		63394A161C696154007479F0 /* note.json in Resources */ = {isa = PBXBuildFile; fileRef = 63394A151C696154007479F0 /* note.json */; };
		63394A181C697D96007479F0 /* notes.json in Resources */ = {isa = PBXBuildFile; fileRef = 63394A171C697D96007479F0 /* notes.json */; };
/* End PBXBuildFile section */

/* Begin PBXFileReference section */
		18E6FE04AA45A1E567808C4B /* Pods-OSMKitTests.release.xcconfig */ = {isa = PBXFileReference; includeInIndex = 1; lastKnownFileType = text.xcconfig; name = "Pods-OSMKitTests.release.xcconfig"; path = "Pods/Target Support Files/Pods-OSMKitTests/Pods-OSMKitTests.release.xcconfig"; sourceTree = "<group>"; };
		631B9BB01C695C8300971710 /* ModelTest.swift */ = {isa = PBXFileReference; fileEncoding = 4; lastKnownFileType = sourcecode.swift; path = ModelTest.swift; sourceTree = "<group>"; };
		631B9BB11C695C8300971710 /* OSMAPITest.swift */ = {isa = PBXFileReference; fileEncoding = 4; lastKnownFileType = sourcecode.swift; path = OSMAPITest.swift; sourceTree = "<group>"; };
		631B9BB21C695C8300971710 /* OSMParserTest.swift */ = {isa = PBXFileReference; fileEncoding = 4; lastKnownFileType = sourcecode.swift; path = OSMParserTest.swift; sourceTree = "<group>"; };
		631B9BB31C695C8300971710 /* ParserDelegate.swift */ = {isa = PBXFileReference; fileEncoding = 4; lastKnownFileType = sourcecode.swift; path = ParserDelegate.swift; sourceTree = "<group>"; };
		631B9BB51C695C8300971710 /* map.osm */ = {isa = PBXFileReference; fileEncoding = 4; lastKnownFileType = text.xml; path = map.osm; sourceTree = "<group>"; };
		631B9BB61C695C8300971710 /* XMLTest.swift */ = {isa = PBXFileReference; fileEncoding = 4; lastKnownFileType = sourcecode.swift; path = XMLTest.swift; sourceTree = "<group>"; };
		63394A131C696092007479F0 /* NoteJSONTest.swift */ = {isa = PBXFileReference; fileEncoding = 4; lastKnownFileType = sourcecode.swift; path = NoteJSONTest.swift; sourceTree = "<group>"; };
		63394A151C696154007479F0 /* note.json */ = {isa = PBXFileReference; fileEncoding = 4; lastKnownFileType = text.json; path = note.json; sourceTree = "<group>"; };
		63394A171C697D96007479F0 /* notes.json */ = {isa = PBXFileReference; fileEncoding = 4; lastKnownFileType = text.json; path = notes.json; sourceTree = "<group>"; };
		63541A9D1C695C50000E36EE /* OSMKitTests.xctest */ = {isa = PBXFileReference; explicitFileType = wrapper.cfbundle; includeInIndex = 0; path = OSMKitTests.xctest; sourceTree = BUILT_PRODUCTS_DIR; };
		63541AA21C695C50000E36EE /* Info.plist */ = {isa = PBXFileReference; lastKnownFileType = text.plist.xml; path = Info.plist; sourceTree = "<group>"; };
		96DC955E75F0896DBB49E80A /* Pods-OSMKitTests.debug.xcconfig */ = {isa = PBXFileReference; includeInIndex = 1; lastKnownFileType = text.xcconfig; name = "Pods-OSMKitTests.debug.xcconfig"; path = "Pods/Target Support Files/Pods-OSMKitTests/Pods-OSMKitTests.debug.xcconfig"; sourceTree = "<group>"; };
		AB7760B3E702FDA5AB0F7A4A /* Pods_OSMKitTests.framework */ = {isa = PBXFileReference; explicitFileType = wrapper.framework; includeInIndex = 0; path = Pods_OSMKitTests.framework; sourceTree = BUILT_PRODUCTS_DIR; };
/* End PBXFileReference section */

/* Begin PBXFrameworksBuildPhase section */
		63541A9A1C695C50000E36EE /* Frameworks */ = {
			isa = PBXFrameworksBuildPhase;
			buildActionMask = 2147483647;
			files = (
				11DC9FE0F290E5A55867F3AA /* Pods_OSMKitTests.framework in Frameworks */,
			);
			runOnlyForDeploymentPostprocessing = 0;
		};
/* End PBXFrameworksBuildPhase section */

/* Begin PBXGroup section */
		631B9BAF1C695C8300971710 /* Tests */ = {
			isa = PBXGroup;
			children = (
				631B9BB01C695C8300971710 /* ModelTest.swift */,
				63394A131C696092007479F0 /* NoteJSONTest.swift */,
				631B9BB11C695C8300971710 /* OSMAPITest.swift */,
				631B9BB21C695C8300971710 /* OSMParserTest.swift */,
				631B9BB31C695C8300971710 /* ParserDelegate.swift */,
				631B9BB41C695C8300971710 /* Resources */,
				631B9BB61C695C8300971710 /* XMLTest.swift */,
			);
			path = Tests;
			sourceTree = "<group>";
		};
		631B9BB41C695C8300971710 /* Resources */ = {
			isa = PBXGroup;
			children = (
				63394A171C697D96007479F0 /* notes.json */,
				63394A151C696154007479F0 /* note.json */,
				631B9BB51C695C8300971710 /* map.osm */,
			);
			path = Resources;
			sourceTree = "<group>";
		};
		63541A921C695C29000E36EE = {
			isa = PBXGroup;
			children = (
				63541A9F1C695C50000E36EE /* OSMKitTests */,
				63541A9E1C695C50000E36EE /* Products */,
				888A8EE9AAC78E6A77AF67B7 /* Pods */,
				9BBA1CA957788FDB6A0FAB42 /* Frameworks */,
			);
			sourceTree = "<group>";
		};
		63541A9E1C695C50000E36EE /* Products */ = {
			isa = PBXGroup;
			children = (
				63541A9D1C695C50000E36EE /* OSMKitTests.xctest */,
			);
			name = Products;
			sourceTree = "<group>";
		};
		63541A9F1C695C50000E36EE /* OSMKitTests */ = {
			isa = PBXGroup;
			children = (
				631B9BAF1C695C8300971710 /* Tests */,
				63541AA21C695C50000E36EE /* Info.plist */,
			);
			path = OSMKitTests;
			sourceTree = "<group>";
		};
		888A8EE9AAC78E6A77AF67B7 /* Pods */ = {
			isa = PBXGroup;
			children = (
				96DC955E75F0896DBB49E80A /* Pods-OSMKitTests.debug.xcconfig */,
				18E6FE04AA45A1E567808C4B /* Pods-OSMKitTests.release.xcconfig */,
			);
			name = Pods;
			sourceTree = "<group>";
		};
		9BBA1CA957788FDB6A0FAB42 /* Frameworks */ = {
			isa = PBXGroup;
			children = (
				AB7760B3E702FDA5AB0F7A4A /* Pods_OSMKitTests.framework */,
			);
			name = Frameworks;
			sourceTree = "<group>";
		};
/* End PBXGroup section */

/* Begin PBXNativeTarget section */
		63541A9C1C695C50000E36EE /* OSMKitTests */ = {
			isa = PBXNativeTarget;
			buildConfigurationList = 63541AA51C695C50000E36EE /* Build configuration list for PBXNativeTarget "OSMKitTests" */;
			buildPhases = (
				4967A239ABB5A6D693112F3F /* Check Pods Manifest.lock */,
				63541A991C695C50000E36EE /* Sources */,
				63541A9A1C695C50000E36EE /* Frameworks */,
				63541A9B1C695C50000E36EE /* Resources */,
				6EA4F5269B854AC927335AAD /* Embed Pods Frameworks */,
				81C19E08443B027FFA4A563C /* Copy Pods Resources */,
			);
			buildRules = (
			);
			dependencies = (
			);
			name = OSMKitTests;
			productName = OSMKitTests;
			productReference = 63541A9D1C695C50000E36EE /* OSMKitTests.xctest */;
			productType = "com.apple.product-type.bundle.unit-test";
		};
/* End PBXNativeTarget section */

/* Begin PBXProject section */
		63541A931C695C29000E36EE /* Project object */ = {
			isa = PBXProject;
			attributes = {
				LastSwiftUpdateCheck = 0720;
				LastUpgradeCheck = 0720;
				TargetAttributes = {
					63541A9C1C695C50000E36EE = {
						CreatedOnToolsVersion = 7.2.1;
					};
				};
			};
			buildConfigurationList = 63541A961C695C29000E36EE /* Build configuration list for PBXProject "OSMKit" */;
			compatibilityVersion = "Xcode 3.2";
			developmentRegion = English;
			hasScannedForEncodings = 0;
			knownRegions = (
				en,
			);
			mainGroup = 63541A921C695C29000E36EE;
			productRefGroup = 63541A9E1C695C50000E36EE /* Products */;
			projectDirPath = "";
			projectRoot = "";
			targets = (
				63541A9C1C695C50000E36EE /* OSMKitTests */,
			);
		};
/* End PBXProject section */

/* Begin PBXResourcesBuildPhase section */
		63541A9B1C695C50000E36EE /* Resources */ = {
			isa = PBXResourcesBuildPhase;
			buildActionMask = 2147483647;
			files = (
				631B9BBB1C695C8300971710 /* map.osm in Resources */,
				63394A161C696154007479F0 /* note.json in Resources */,
				63394A181C697D96007479F0 /* notes.json in Resources */,
			);
			runOnlyForDeploymentPostprocessing = 0;
		};
/* End PBXResourcesBuildPhase section */

/* Begin PBXShellScriptBuildPhase section */
		4967A239ABB5A6D693112F3F /* Check Pods Manifest.lock */ = {
			isa = PBXShellScriptBuildPhase;
			buildActionMask = 2147483647;
			files = (
			);
			inputPaths = (
			);
			name = "Check Pods Manifest.lock";
			outputPaths = (
			);
			runOnlyForDeploymentPostprocessing = 0;
			shellPath = /bin/sh;
			shellScript = "diff \"${PODS_ROOT}/../Podfile.lock\" \"${PODS_ROOT}/Manifest.lock\" > /dev/null\nif [[ $? != 0 ]] ; then\n    cat << EOM\nerror: The sandbox is not in sync with the Podfile.lock. Run 'pod install' or update your CocoaPods installation.\nEOM\n    exit 1\nfi\n";
			showEnvVarsInLog = 0;
		};
		6EA4F5269B854AC927335AAD /* Embed Pods Frameworks */ = {
			isa = PBXShellScriptBuildPhase;
			buildActionMask = 2147483647;
			files = (
			);
			inputPaths = (
			);
			name = "Embed Pods Frameworks";
			outputPaths = (
			);
			runOnlyForDeploymentPostprocessing = 0;
			shellPath = /bin/sh;
			shellScript = "\"${SRCROOT}/Pods/Target Support Files/Pods-OSMKitTests/Pods-OSMKitTests-frameworks.sh\"\n";
			showEnvVarsInLog = 0;
		};
		81C19E08443B027FFA4A563C /* Copy Pods Resources */ = {
			isa = PBXShellScriptBuildPhase;
			buildActionMask = 2147483647;
			files = (
			);
			inputPaths = (
			);
			name = "Copy Pods Resources";
			outputPaths = (
			);
			runOnlyForDeploymentPostprocessing = 0;
			shellPath = /bin/sh;
			shellScript = "\"${SRCROOT}/Pods/Target Support Files/Pods-OSMKitTests/Pods-OSMKitTests-resources.sh\"\n";
			showEnvVarsInLog = 0;
		};
/* End PBXShellScriptBuildPhase section */

/* Begin PBXSourcesBuildPhase section */
		63541A991C695C50000E36EE /* Sources */ = {
			isa = PBXSourcesBuildPhase;
			buildActionMask = 2147483647;
			files = (
				631B9BB81C695C8300971710 /* OSMAPITest.swift in Sources */,
				631B9BB91C695C8300971710 /* OSMParserTest.swift in Sources */,
				631B9BB71C695C8300971710 /* ModelTest.swift in Sources */,
				631B9BBA1C695C8300971710 /* ParserDelegate.swift in Sources */,
				631B9BBC1C695C8300971710 /* XMLTest.swift in Sources */,
				63394A141C696092007479F0 /* NoteJSONTest.swift in Sources */,
			);
			runOnlyForDeploymentPostprocessing = 0;
		};
/* End PBXSourcesBuildPhase section */

/* Begin XCBuildConfiguration section */
		63541A971C695C29000E36EE /* Debug */ = {
			isa = XCBuildConfiguration;
			buildSettings = {
			};
			name = Debug;
		};
		63541A981C695C29000E36EE /* Release */ = {
			isa = XCBuildConfiguration;
			buildSettings = {
			};
			name = Release;
		};
		63541AA31C695C50000E36EE /* Debug */ = {
			isa = XCBuildConfiguration;
			baseConfigurationReference = 96DC955E75F0896DBB49E80A /* Pods-OSMKitTests.debug.xcconfig */;
			buildSettings = {
				ALWAYS_SEARCH_USER_PATHS = NO;
				CLANG_CXX_LANGUAGE_STANDARD = "gnu++0x";
				CLANG_CXX_LIBRARY = "libc++";
				CLANG_ENABLE_MODULES = YES;
				CLANG_ENABLE_OBJC_ARC = YES;
				CLANG_WARN_BOOL_CONVERSION = YES;
				CLANG_WARN_CONSTANT_CONVERSION = YES;
				CLANG_WARN_DIRECT_OBJC_ISA_USAGE = YES_ERROR;
				CLANG_WARN_EMPTY_BODY = YES;
				CLANG_WARN_ENUM_CONVERSION = YES;
				CLANG_WARN_INT_CONVERSION = YES;
				CLANG_WARN_OBJC_ROOT_CLASS = YES_ERROR;
				CLANG_WARN_UNREACHABLE_CODE = YES;
				CLANG_WARN__DUPLICATE_METHOD_MATCH = YES;
				"CODE_SIGN_IDENTITY[sdk=iphoneos*]" = "iPhone Developer";
				COPY_PHASE_STRIP = NO;
				DEBUG_INFORMATION_FORMAT = dwarf;
				ENABLE_STRICT_OBJC_MSGSEND = YES;
				ENABLE_TESTABILITY = YES;
				GCC_C_LANGUAGE_STANDARD = gnu99;
				GCC_DYNAMIC_NO_PIC = NO;
				GCC_NO_COMMON_BLOCKS = YES;
				GCC_OPTIMIZATION_LEVEL = 0;
				GCC_PREPROCESSOR_DEFINITIONS = (
					"DEBUG=1",
					"$(inherited)",
				);
				GCC_WARN_64_TO_32_BIT_CONVERSION = YES;
				GCC_WARN_ABOUT_RETURN_TYPE = YES_ERROR;
				GCC_WARN_UNDECLARED_SELECTOR = YES;
				GCC_WARN_UNINITIALIZED_AUTOS = YES_AGGRESSIVE;
				GCC_WARN_UNUSED_FUNCTION = YES;
				GCC_WARN_UNUSED_VARIABLE = YES;
				INFOPLIST_FILE = OSMKitTests/Info.plist;
				IPHONEOS_DEPLOYMENT_TARGET = 9.2;
				LD_RUNPATH_SEARCH_PATHS = "$(inherited) @executable_path/Frameworks @loader_path/Frameworks";
				MTL_ENABLE_DEBUG_INFO = YES;
				ONLY_ACTIVE_ARCH = YES;
				PRODUCT_BUNDLE_IDENTIFIER = com.davidchiles.OSMKitTests;
				PRODUCT_NAME = "$(TARGET_NAME)";
				SDKROOT = iphoneos;
				SWIFT_OPTIMIZATION_LEVEL = "-Onone";
			};
			name = Debug;
		};
		63541AA41C695C50000E36EE /* Release */ = {
			isa = XCBuildConfiguration;
			baseConfigurationReference = 18E6FE04AA45A1E567808C4B /* Pods-OSMKitTests.release.xcconfig */;
			buildSettings = {
				ALWAYS_SEARCH_USER_PATHS = NO;
				CLANG_CXX_LANGUAGE_STANDARD = "gnu++0x";
				CLANG_CXX_LIBRARY = "libc++";
				CLANG_ENABLE_MODULES = YES;
				CLANG_ENABLE_OBJC_ARC = YES;
				CLANG_WARN_BOOL_CONVERSION = YES;
				CLANG_WARN_CONSTANT_CONVERSION = YES;
				CLANG_WARN_DIRECT_OBJC_ISA_USAGE = YES_ERROR;
				CLANG_WARN_EMPTY_BODY = YES;
				CLANG_WARN_ENUM_CONVERSION = YES;
				CLANG_WARN_INT_CONVERSION = YES;
				CLANG_WARN_OBJC_ROOT_CLASS = YES_ERROR;
				CLANG_WARN_UNREACHABLE_CODE = YES;
				CLANG_WARN__DUPLICATE_METHOD_MATCH = YES;
				"CODE_SIGN_IDENTITY[sdk=iphoneos*]" = "iPhone Developer";
				COPY_PHASE_STRIP = NO;
				DEBUG_INFORMATION_FORMAT = "dwarf-with-dsym";
				ENABLE_NS_ASSERTIONS = NO;
				ENABLE_STRICT_OBJC_MSGSEND = YES;
				GCC_C_LANGUAGE_STANDARD = gnu99;
				GCC_NO_COMMON_BLOCKS = YES;
				GCC_WARN_64_TO_32_BIT_CONVERSION = YES;
				GCC_WARN_ABOUT_RETURN_TYPE = YES_ERROR;
				GCC_WARN_UNDECLARED_SELECTOR = YES;
				GCC_WARN_UNINITIALIZED_AUTOS = YES_AGGRESSIVE;
				GCC_WARN_UNUSED_FUNCTION = YES;
				GCC_WARN_UNUSED_VARIABLE = YES;
				INFOPLIST_FILE = OSMKitTests/Info.plist;
				IPHONEOS_DEPLOYMENT_TARGET = 9.2;
				LD_RUNPATH_SEARCH_PATHS = "$(inherited) @executable_path/Frameworks @loader_path/Frameworks";
				MTL_ENABLE_DEBUG_INFO = NO;
				PRODUCT_BUNDLE_IDENTIFIER = com.davidchiles.OSMKitTests;
				PRODUCT_NAME = "$(TARGET_NAME)";
				SDKROOT = iphoneos;
				VALIDATE_PRODUCT = YES;
			};
			name = Release;
		};
/* End XCBuildConfiguration section */

/* Begin XCConfigurationList section */
		63541A961C695C29000E36EE /* Build configuration list for PBXProject "OSMKit" */ = {
			isa = XCConfigurationList;
			buildConfigurations = (
				63541A971C695C29000E36EE /* Debug */,
				63541A981C695C29000E36EE /* Release */,
			);
			defaultConfigurationIsVisible = 0;
			defaultConfigurationName = Release;
		};
		63541AA51C695C50000E36EE /* Build configuration list for PBXNativeTarget "OSMKitTests" */ = {
			isa = XCConfigurationList;
			buildConfigurations = (
				63541AA31C695C50000E36EE /* Debug */,
				63541AA41C695C50000E36EE /* Release */,
			);
			defaultConfigurationIsVisible = 0;
			defaultConfigurationName = Release;
		};
/* End XCConfigurationList section */
	};
	rootObject = 63541A931C695C29000E36EE /* Project object */;
}
